
Microsoft Visual Studio Solution File, Format Version 12.00
# Visual Studio 15
VisualStudioVersion = 15.0.26730.12
MinimumVisualStudioVersion = 10.0.40219.1
Project("{FAE04EC0-301F-11D3-BF4B-00C04F79EFBC}") = "WTSBackend", "WTSBackend\WTSBackend.csproj", "{B3078340-1E88-487C-BA33-726B9668561F}"
EndProject
Global
	GlobalSection(SolutionConfigurationPlatforms) = preSolution
		Debug|Any CPU = Debug|Any CPU
		Release|Any CPU = Release|Any CPU
	EndGlobalSection
	GlobalSection(ProjectConfigurationPlatforms) = postSolution
		{B3078340-1E88-487C-BA33-726B9668561F}.Debug|Any CPU.ActiveCfg = Debug|Any CPU
		{B3078340-1E88-487C-BA33-726B9668561F}.Debug|Any CPU.Build.0 = Debug|Any CPU
		{B3078340-1E88-487C-BA33-726B9668561F}.Release|Any CPU.ActiveCfg = Release|Any CPU
		{B3078340-1E88-487C-BA33-726B9668561F}.Release|Any CPU.Build.0 = Release|Any CPU
	EndGlobalSection
	GlobalSection(SolutionProperties) = preSolution
		HideSolutionNode = FALSE
	EndGlobalSection
	GlobalSection(ExtensibilityGlobals) = postSolution
		SolutionGuid = {6F062DFD-53AC-4DC5-B51B-EA970F4AC776}
	EndGlobalSection
EndGlobal
